
Microsoft Visual Studio Solution File, Format Version 12.00
# Visual Studio Version 16
VisualStudioVersion = 16.0.31515.178
MinimumVisualStudioVersion = 10.0.40219.1
Project("{888888A0-9F3D-457C-B088-3A5042F75D52}") = "PythonNighteryHomework", "PythonNighteryHomework.pyproj", "{D19E0FC0-650C-4A92-9657-F3C8CA3F4022}"
EndProject
Global
	GlobalSection(SolutionConfigurationPlatforms) = preSolution
		Debug|Any CPU = Debug|Any CPU
		Release|Any CPU = Release|Any CPU
	EndGlobalSection
	GlobalSection(ProjectConfigurationPlatforms) = postSolution
		{D19E0FC0-650C-4A92-9657-F3C8CA3F4022}.Debug|Any CPU.ActiveCfg = Debug|Any CPU
		{D19E0FC0-650C-4A92-9657-F3C8CA3F4022}.Release|Any CPU.ActiveCfg = Release|Any CPU
	EndGlobalSection
	GlobalSection(SolutionProperties) = preSolution
		HideSolutionNode = FALSE
	EndGlobalSection
	GlobalSection(ExtensibilityGlobals) = postSolution
		SolutionGuid = {962A87FC-38C4-44C4-9457-CAE203023B7D}
	EndGlobalSection
EndGlobal
